
Microsoft Visual Studio Solution File, Format Version 12.00
# Visual Studio Version 16
VisualStudioVersion = 16.0.29519.181
MinimumVisualStudioVersion = 10.0.40219.1
Project("{9A19103F-16F7-4668-BE54-9A1E7A4F7556}") = "01_TyrannyOfRocketEquation", "01_TyrannyOfRocketEquation\01_TyrannyOfRocketEquation.csproj", "{82143DCB-5DDF-4E5C-B62A-6E080153C6E7}"
EndProject
Project("{9A19103F-16F7-4668-BE54-9A1E7A4F7556}") = "02_1202ProgramAlarm", "02_1202ProgramAlarm\02_1202ProgramAlarm.csproj", "{33DCAE71-9332-4117-82D2-411086F345C9}"
EndProject
Project("{9A19103F-16F7-4668-BE54-9A1E7A4F7556}") = "03_CrossedWires", "03_CrossedWires\03_CrossedWires.csproj", "{38EF7415-CBC9-45FE-BCE8-56736A521E06}"
EndProject
Project("{FAE04EC0-301F-11D3-BF4B-00C04F79EFBC}") = "04_SecureContainer", "04_SecureContainer\04_SecureContainer.csproj", "{454C43AC-1E9D-42C7-AD57-1077CC43C632}"
EndProject
Global
	GlobalSection(SolutionConfigurationPlatforms) = preSolution
		Debug|Any CPU = Debug|Any CPU
		Release|Any CPU = Release|Any CPU
	EndGlobalSection
	GlobalSection(ProjectConfigurationPlatforms) = postSolution
		{82143DCB-5DDF-4E5C-B62A-6E080153C6E7}.Debug|Any CPU.ActiveCfg = Debug|Any CPU
		{82143DCB-5DDF-4E5C-B62A-6E080153C6E7}.Debug|Any CPU.Build.0 = Debug|Any CPU
		{82143DCB-5DDF-4E5C-B62A-6E080153C6E7}.Release|Any CPU.ActiveCfg = Release|Any CPU
		{82143DCB-5DDF-4E5C-B62A-6E080153C6E7}.Release|Any CPU.Build.0 = Release|Any CPU
		{33DCAE71-9332-4117-82D2-411086F345C9}.Debug|Any CPU.ActiveCfg = Debug|Any CPU
		{33DCAE71-9332-4117-82D2-411086F345C9}.Debug|Any CPU.Build.0 = Debug|Any CPU
		{33DCAE71-9332-4117-82D2-411086F345C9}.Release|Any CPU.ActiveCfg = Release|Any CPU
		{33DCAE71-9332-4117-82D2-411086F345C9}.Release|Any CPU.Build.0 = Release|Any CPU
		{38EF7415-CBC9-45FE-BCE8-56736A521E06}.Debug|Any CPU.ActiveCfg = Debug|Any CPU
		{38EF7415-CBC9-45FE-BCE8-56736A521E06}.Debug|Any CPU.Build.0 = Debug|Any CPU
		{38EF7415-CBC9-45FE-BCE8-56736A521E06}.Release|Any CPU.ActiveCfg = Release|Any CPU
		{38EF7415-CBC9-45FE-BCE8-56736A521E06}.Release|Any CPU.Build.0 = Release|Any CPU
		{454C43AC-1E9D-42C7-AD57-1077CC43C632}.Debug|Any CPU.ActiveCfg = Debug|Any CPU
		{454C43AC-1E9D-42C7-AD57-1077CC43C632}.Debug|Any CPU.Build.0 = Debug|Any CPU
		{454C43AC-1E9D-42C7-AD57-1077CC43C632}.Release|Any CPU.ActiveCfg = Release|Any CPU
		{454C43AC-1E9D-42C7-AD57-1077CC43C632}.Release|Any CPU.Build.0 = Release|Any CPU
	EndGlobalSection
	GlobalSection(SolutionProperties) = preSolution
		HideSolutionNode = FALSE
	EndGlobalSection
	GlobalSection(ExtensibilityGlobals) = postSolution
		SolutionGuid = {F37D8894-648B-43B8-9233-AAD39F0C1FCF}
	EndGlobalSection
EndGlobal
